
Microsoft Visual Studio Solution File, Format Version 12.00
# Visual Studio Version 17
VisualStudioVersion = 17.7.34031.279
MinimumVisualStudioVersion = 10.0.40219.1
Project("{FAE04EC0-301F-11D3-BF4B-00C04F79EFBC}") = "SpotifyStatusGrabber", "SpotifyStatusGrabber\SpotifyStatusGrabber.csproj", "{2B7F170C-8F5E-474D-8A57-4C60DCC51FC0}"
EndProject
Global
	GlobalSection(SolutionConfigurationPlatforms) = preSolution
		Debug|Any CPU = Debug|Any CPU
		Release|Any CPU = Release|Any CPU
	EndGlobalSection
	GlobalSection(ProjectConfigurationPlatforms) = postSolution
		{2B7F170C-8F5E-474D-8A57-4C60DCC51FC0}.Debug|Any CPU.ActiveCfg = Debug|Any CPU
		{2B7F170C-8F5E-474D-8A57-4C60DCC51FC0}.Debug|Any CPU.Build.0 = Debug|Any CPU
		{2B7F170C-8F5E-474D-8A57-4C60DCC51FC0}.Release|Any CPU.ActiveCfg = Release|Any CPU
		{2B7F170C-8F5E-474D-8A57-4C60DCC51FC0}.Release|Any CPU.Build.0 = Release|Any CPU
	EndGlobalSection
	GlobalSection(SolutionProperties) = preSolution
		HideSolutionNode = FALSE
	EndGlobalSection
	GlobalSection(ExtensibilityGlobals) = postSolution
		SolutionGuid = {1DC13684-2380-42AE-84E3-F48A9B62E48C}
	EndGlobalSection
EndGlobal
